
Microsoft Visual Studio Solution File, Format Version 12.00
# Visual Studio Version 16
VisualStudioVersion = 16.0.30204.135
MinimumVisualStudioVersion = 15.0.26124.0
Project("{2150E333-8FDC-42A3-9474-1A3956D46DE8}") = "src", "src", "{C0F018CB-226C-4559-A843-013E23674DDB}"
EndProject
Project("{9A19103F-16F7-4668-BE54-9A1E7A4F7556}") = "Actio.Api", "src\Actio.Api\Actio.Api.csproj", "{8064BC0A-6786-4AA4-94F5-9439275B9420}"
EndProject
Project("{9A19103F-16F7-4668-BE54-9A1E7A4F7556}") = "Actio.Common", "src\Actio.Common\Actio.Common.csproj", "{064A7E0C-856C-4D00-9E1A-69BDC577C11F}"
EndProject
Project("{9A19103F-16F7-4668-BE54-9A1E7A4F7556}") = "Actio.Services.Identity", "src\Actio.Services.Identity\Actio.Services.Identity.csproj", "{EFA13077-63D1-4B03-9000-A4763D2AF3EA}"
EndProject
Project("{9A19103F-16F7-4668-BE54-9A1E7A4F7556}") = "Actio.Services.Activities", "src\Actio.Services.Activities\Actio.Services.Activities.csproj", "{A1821869-7051-4B5E-9C60-7F315F6DD210}"
EndProject
Project("{9A19103F-16F7-4668-BE54-9A1E7A4F7556}") = "Actio.MyApiGateway", "Actio.MyApiGateway\Actio.MyApiGateway.csproj", "{637935C2-DCF1-43D0-BFBB-4BD86E75C0C4}"
EndProject
Project("{9A19103F-16F7-4668-BE54-9A1E7A4F7556}") = "Actio.Api.Tests", "Actio.Api.Tests\Actio.Api.Tests.csproj", "{19BB048A-CC22-4381-897A-E70F7CD80DF0}"
EndProject
Project("{FAE04EC0-301F-11D3-BF4B-00C04F79EFBC}") = "Actio.Services.Activities.Tests", "Actio.Services.Activities.Tests\Actio.Services.Activities.Tests.csproj", "{AAD78017-F75A-4E4D-8C3C-3DE789F70DD0}"
EndProject
Project("{FAE04EC0-301F-11D3-BF4B-00C04F79EFBC}") = "Actio.Services.Identity.Tests", "Actio.Services.Identity.Tests\Actio.Services.Identity.Tests.csproj", "{104C6D07-3127-4E71-965C-2CDAA28AAF4D}"
EndProject
Global
	GlobalSection(SolutionConfigurationPlatforms) = preSolution
		Debug|Any CPU = Debug|Any CPU
		Debug|x64 = Debug|x64
		Debug|x86 = Debug|x86
		Release|Any CPU = Release|Any CPU
		Release|x64 = Release|x64
		Release|x86 = Release|x86
	EndGlobalSection
	GlobalSection(ProjectConfigurationPlatforms) = postSolution
		{8064BC0A-6786-4AA4-94F5-9439275B9420}.Debug|Any CPU.ActiveCfg = Debug|Any CPU
		{8064BC0A-6786-4AA4-94F5-9439275B9420}.Debug|Any CPU.Build.0 = Debug|Any CPU
		{8064BC0A-6786-4AA4-94F5-9439275B9420}.Debug|x64.ActiveCfg = Debug|Any CPU
		{8064BC0A-6786-4AA4-94F5-9439275B9420}.Debug|x64.Build.0 = Debug|Any CPU
		{8064BC0A-6786-4AA4-94F5-9439275B9420}.Debug|x86.ActiveCfg = Debug|Any CPU
		{8064BC0A-6786-4AA4-94F5-9439275B9420}.Debug|x86.Build.0 = Debug|Any CPU
		{8064BC0A-6786-4AA4-94F5-9439275B9420}.Release|Any CPU.ActiveCfg = Release|Any CPU
		{8064BC0A-6786-4AA4-94F5-9439275B9420}.Release|Any CPU.Build.0 = Release|Any CPU
		{8064BC0A-6786-4AA4-94F5-9439275B9420}.Release|x64.ActiveCfg = Release|Any CPU
		{8064BC0A-6786-4AA4-94F5-9439275B9420}.Release|x64.Build.0 = Release|Any CPU
		{8064BC0A-6786-4AA4-94F5-9439275B9420}.Release|x86.ActiveCfg = Release|Any CPU
		{8064BC0A-6786-4AA4-94F5-9439275B9420}.Release|x86.Build.0 = Release|Any CPU
		{064A7E0C-856C-4D00-9E1A-69BDC577C11F}.Debug|Any CPU.ActiveCfg = Debug|Any CPU
		{064A7E0C-856C-4D00-9E1A-69BDC577C11F}.Debug|Any CPU.Build.0 = Debug|Any CPU
		{064A7E0C-856C-4D00-9E1A-69BDC577C11F}.Debug|x64.ActiveCfg = Debug|Any CPU
		{064A7E0C-856C-4D00-9E1A-69BDC577C11F}.Debug|x64.Build.0 = Debug|Any CPU
		{064A7E0C-856C-4D00-9E1A-69BDC577C11F}.Debug|x86.ActiveCfg = Debug|Any CPU
		{064A7E0C-856C-4D00-9E1A-69BDC577C11F}.Debug|x86.Build.0 = Debug|Any CPU
		{064A7E0C-856C-4D00-9E1A-69BDC577C11F}.Release|Any CPU.ActiveCfg = Release|Any CPU
		{064A7E0C-856C-4D00-9E1A-69BDC577C11F}.Release|Any CPU.Build.0 = Release|Any CPU
		{064A7E0C-856C-4D00-9E1A-69BDC577C11F}.Release|x64.ActiveCfg = Release|Any CPU
		{064A7E0C-856C-4D00-9E1A-69BDC577C11F}.Release|x64.Build.0 = Release|Any CPU
		{064A7E0C-856C-4D00-9E1A-69BDC577C11F}.Release|x86.ActiveCfg = Release|Any CPU
		{064A7E0C-856C-4D00-9E1A-69BDC577C11F}.Release|x86.Build.0 = Release|Any CPU
		{EFA13077-63D1-4B03-9000-A4763D2AF3EA}.Debug|Any CPU.ActiveCfg = Debug|Any CPU
		{EFA13077-63D1-4B03-9000-A4763D2AF3EA}.Debug|Any CPU.Build.0 = Debug|Any CPU
		{EFA13077-63D1-4B03-9000-A4763D2AF3EA}.Debug|x64.ActiveCfg = Debug|Any CPU
		{EFA13077-63D1-4B03-9000-A4763D2AF3EA}.Debug|x64.Build.0 = Debug|Any CPU
		{EFA13077-63D1-4B03-9000-A4763D2AF3EA}.Debug|x86.ActiveCfg = Debug|Any CPU
		{EFA13077-63D1-4B03-9000-A4763D2AF3EA}.Debug|x86.Build.0 = Debug|Any CPU
		{EFA13077-63D1-4B03-9000-A4763D2AF3EA}.Release|Any CPU.ActiveCfg = Release|Any CPU
		{EFA13077-63D1-4B03-9000-A4763D2AF3EA}.Release|Any CPU.Build.0 = Release|Any CPU
		{EFA13077-63D1-4B03-9000-A4763D2AF3EA}.Release|x64.ActiveCfg = Release|Any CPU
		{EFA13077-63D1-4B03-9000-A4763D2AF3EA}.Release|x64.Build.0 = Release|Any CPU
		{EFA13077-63D1-4B03-9000-A4763D2AF3EA}.Release|x86.ActiveCfg = Release|Any CPU
		{EFA13077-63D1-4B03-9000-A4763D2AF3EA}.Release|x86.Build.0 = Release|Any CPU
		{A1821869-7051-4B5E-9C60-7F315F6DD210}.Debug|Any CPU.ActiveCfg = Debug|Any CPU
		{A1821869-7051-4B5E-9C60-7F315F6DD210}.Debug|Any CPU.Build.0 = Debug|Any CPU
		{A1821869-7051-4B5E-9C60-7F315F6DD210}.Debug|x64.ActiveCfg = Debug|Any CPU
		{A1821869-7051-4B5E-9C60-7F315F6DD210}.Debug|x64.Build.0 = Debug|Any CPU
		{A1821869-7051-4B5E-9C60-7F315F6DD210}.Debug|x86.ActiveCfg = Debug|Any CPU
		{A1821869-7051-4B5E-9C60-7F315F6DD210}.Debug|x86.Build.0 = Debug|Any CPU
		{A1821869-7051-4B5E-9C60-7F315F6DD210}.Release|Any CPU.ActiveCfg = Release|Any CPU
		{A1821869-7051-4B5E-9C60-7F315F6DD210}.Release|Any CPU.Build.0 = Release|Any CPU
		{A1821869-7051-4B5E-9C60-7F315F6DD210}.Release|x64.ActiveCfg = Release|Any CPU
		{A1821869-7051-4B5E-9C60-7F315F6DD210}.Release|x64.Build.0 = Release|Any CPU
		{A1821869-7051-4B5E-9C60-7F315F6DD210}.Release|x86.ActiveCfg = Release|Any CPU
		{A1821869-7051-4B5E-9C60-7F315F6DD210}.Release|x86.Build.0 = Release|Any CPU
		{637935C2-DCF1-43D0-BFBB-4BD86E75C0C4}.Debug|Any CPU.ActiveCfg = Debug|Any CPU
		{637935C2-DCF1-43D0-BFBB-4BD86E75C0C4}.Debug|Any CPU.Build.0 = Debug|Any CPU
		{637935C2-DCF1-43D0-BFBB-4BD86E75C0C4}.Debug|x64.ActiveCfg = Debug|Any CPU
		{637935C2-DCF1-43D0-BFBB-4BD86E75C0C4}.Debug|x64.Build.0 = Debug|Any CPU
		{637935C2-DCF1-43D0-BFBB-4BD86E75C0C4}.Debug|x86.ActiveCfg = Debug|Any CPU
		{637935C2-DCF1-43D0-BFBB-4BD86E75C0C4}.Debug|x86.Build.0 = Debug|Any CPU
		{637935C2-DCF1-43D0-BFBB-4BD86E75C0C4}.Release|Any CPU.ActiveCfg = Release|Any CPU
		{637935C2-DCF1-43D0-BFBB-4BD86E75C0C4}.Release|Any CPU.Build.0 = Release|Any CPU
		{637935C2-DCF1-43D0-BFBB-4BD86E75C0C4}.Release|x64.ActiveCfg = Release|Any CPU
		{637935C2-DCF1-43D0-BFBB-4BD86E75C0C4}.Release|x64.Build.0 = Release|Any CPU
		{637935C2-DCF1-43D0-BFBB-4BD86E75C0C4}.Release|x86.ActiveCfg = Release|Any CPU
		{637935C2-DCF1-43D0-BFBB-4BD86E75C0C4}.Release|x86.Build.0 = Release|Any CPU
		{19BB048A-CC22-4381-897A-E70F7CD80DF0}.Debug|Any CPU.ActiveCfg = Debug|Any CPU
		{19BB048A-CC22-4381-897A-E70F7CD80DF0}.Debug|Any CPU.Build.0 = Debug|Any CPU
		{19BB048A-CC22-4381-897A-E70F7CD80DF0}.Debug|x64.ActiveCfg = Debug|Any CPU
		{19BB048A-CC22-4381-897A-E70F7CD80DF0}.Debug|x64.Build.0 = Debug|Any CPU
		{19BB048A-CC22-4381-897A-E70F7CD80DF0}.Debug|x86.ActiveCfg = Debug|Any CPU
		{19BB048A-CC22-4381-897A-E70F7CD80DF0}.Debug|x86.Build.0 = Debug|Any CPU
		{19BB048A-CC22-4381-897A-E70F7CD80DF0}.Release|Any CPU.ActiveCfg = Release|Any CPU
		{19BB048A-CC22-4381-897A-E70F7CD80DF0}.Release|Any CPU.Build.0 = Release|Any CPU
		{19BB048A-CC22-4381-897A-E70F7CD80DF0}.Release|x64.ActiveCfg = Release|Any CPU
		{19BB048A-CC22-4381-897A-E70F7CD80DF0}.Release|x64.Build.0 = Release|Any CPU
		{19BB048A-CC22-4381-897A-E70F7CD80DF0}.Release|x86.ActiveCfg = Release|Any CPU
		{19BB048A-CC22-4381-897A-E70F7CD80DF0}.Release|x86.Build.0 = Release|Any CPU
		{AAD78017-F75A-4E4D-8C3C-3DE789F70DD0}.Debug|Any CPU.ActiveCfg = Debug|Any CPU
		{AAD78017-F75A-4E4D-8C3C-3DE789F70DD0}.Debug|Any CPU.Build.0 = Debug|Any CPU
		{AAD78017-F75A-4E4D-8C3C-3DE789F70DD0}.Debug|x64.ActiveCfg = Debug|Any CPU
		{AAD78017-F75A-4E4D-8C3C-3DE789F70DD0}.Debug|x64.Build.0 = Debug|Any CPU
		{AAD78017-F75A-4E4D-8C3C-3DE789F70DD0}.Debug|x86.ActiveCfg = Debug|Any CPU
		{AAD78017-F75A-4E4D-8C3C-3DE789F70DD0}.Debug|x86.Build.0 = Debug|Any CPU
		{AAD78017-F75A-4E4D-8C3C-3DE789F70DD0}.Release|Any CPU.ActiveCfg = Release|Any CPU
		{AAD78017-F75A-4E4D-8C3C-3DE789F70DD0}.Release|Any CPU.Build.0 = Release|Any CPU
		{AAD78017-F75A-4E4D-8C3C-3DE789F70DD0}.Release|x64.ActiveCfg = Release|Any CPU
		{AAD78017-F75A-4E4D-8C3C-3DE789F70DD0}.Release|x64.Build.0 = Release|Any CPU
		{AAD78017-F75A-4E4D-8C3C-3DE789F70DD0}.Release|x86.ActiveCfg = Release|Any CPU
		{AAD78017-F75A-4E4D-8C3C-3DE789F70DD0}.Release|x86.Build.0 = Release|Any CPU
		{104C6D07-3127-4E71-965C-2CDAA28AAF4D}.Debug|Any CPU.ActiveCfg = Debug|Any CPU
		{104C6D07-3127-4E71-965C-2CDAA28AAF4D}.Debug|Any CPU.Build.0 = Debug|Any CPU
		{104C6D07-3127-4E71-965C-2CDAA28AAF4D}.Debug|x64.ActiveCfg = Debug|Any CPU
		{104C6D07-3127-4E71-965C-2CDAA28AAF4D}.Debug|x64.Build.0 = Debug|Any CPU
		{104C6D07-3127-4E71-965C-2CDAA28AAF4D}.Debug|x86.ActiveCfg = Debug|Any CPU
		{104C6D07-3127-4E71-965C-2CDAA28AAF4D}.Debug|x86.Build.0 = Debug|Any CPU
		{104C6D07-3127-4E71-965C-2CDAA28AAF4D}.Release|Any CPU.ActiveCfg = Release|Any CPU
		{104C6D07-3127-4E71-965C-2CDAA28AAF4D}.Release|Any CPU.Build.0 = Release|Any CPU
		{104C6D07-3127-4E71-965C-2CDAA28AAF4D}.Release|x64.ActiveCfg = Release|Any CPU
		{104C6D07-3127-4E71-965C-2CDAA28AAF4D}.Release|x64.Build.0 = Release|Any CPU
		{104C6D07-3127-4E71-965C-2CDAA28AAF4D}.Release|x86.ActiveCfg = Release|Any CPU
		{104C6D07-3127-4E71-965C-2CDAA28AAF4D}.Release|x86.Build.0 = Release|Any CPU
	EndGlobalSection
	GlobalSection(SolutionProperties) = preSolution
		HideSolutionNode = FALSE
	EndGlobalSection
	GlobalSection(NestedProjects) = preSolution
		{8064BC0A-6786-4AA4-94F5-9439275B9420} = {C0F018CB-226C-4559-A843-013E23674DDB}
		{064A7E0C-856C-4D00-9E1A-69BDC577C11F} = {C0F018CB-226C-4559-A843-013E23674DDB}
		{EFA13077-63D1-4B03-9000-A4763D2AF3EA} = {C0F018CB-226C-4559-A843-013E23674DDB}
		{A1821869-7051-4B5E-9C60-7F315F6DD210} = {C0F018CB-226C-4559-A843-013E23674DDB}
		{637935C2-DCF1-43D0-BFBB-4BD86E75C0C4} = {C0F018CB-226C-4559-A843-013E23674DDB}
		{19BB048A-CC22-4381-897A-E70F7CD80DF0} = {C0F018CB-226C-4559-A843-013E23674DDB}
		{AAD78017-F75A-4E4D-8C3C-3DE789F70DD0} = {C0F018CB-226C-4559-A843-013E23674DDB}
		{104C6D07-3127-4E71-965C-2CDAA28AAF4D} = {C0F018CB-226C-4559-A843-013E23674DDB}
	EndGlobalSection
	GlobalSection(ExtensibilityGlobals) = postSolution
		SolutionGuid = {A633FA50-9AD7-4D7A-BD41-C9C6BAD874C1}
	EndGlobalSection
EndGlobal
